
Microsoft Visual Studio Solution File, Format Version 10.00
# Visual Studio 2008
Project("{8BC9CEB8-8B4A-11D0-8D11-00A0C91BC942}") = "Addin_LineCounter", "Addin_LineCounter\Addin_LineCounter.vcproj", "{782F40B9-FA83-45FC-BAC1-8F8B7F5481F8}"
EndProject
Global
	GlobalSection(SolutionConfigurationPlatforms) = preSolution
		Debug|Win32 = Debug|Win32
		Release|Win32 = Release|Win32
	EndGlobalSection
	GlobalSection(ProjectConfigurationPlatforms) = postSolution
		{782F40B9-FA83-45FC-BAC1-8F8B7F5481F8}.Debug|Win32.ActiveCfg = Debug|Win32
		{782F40B9-FA83-45FC-BAC1-8F8B7F5481F8}.Debug|Win32.Build.0 = Debug|Win32
		{782F40B9-FA83-45FC-BAC1-8F8B7F5481F8}.Release|Win32.ActiveCfg = Release|Win32
		{782F40B9-FA83-45FC-BAC1-8F8B7F5481F8}.Release|Win32.Build.0 = Release|Win32
	EndGlobalSection
	GlobalSection(SolutionProperties) = preSolution
		HideSolutionNode = FALSE
	EndGlobalSection
EndGlobal
