
Microsoft Visual Studio Solution File, Format Version 10.00
# Visual Studio 2008
Project("{FAE04EC0-301F-11D3-BF4B-00C04F79EFBC}") = "WindowsFormsApplication1", "WindowsFormsApplication1\WindowsFormsApplication1.csproj", "{C6492FD4-A760-4336-8411-354CC955211E}"
EndProject
Global
	GlobalSection(SolutionConfigurationPlatforms) = preSolution
		Debug|Any CPU = Debug|Any CPU
		Release|Any CPU = Release|Any CPU
	EndGlobalSection
	GlobalSection(ProjectConfigurationPlatforms) = postSolution
		{C6492FD4-A760-4336-8411-354CC955211E}.Debug|Any CPU.ActiveCfg = Debug|Any CPU
		{C6492FD4-A760-4336-8411-354CC955211E}.Debug|Any CPU.Build.0 = Debug|Any CPU
		{C6492FD4-A760-4336-8411-354CC955211E}.Release|Any CPU.ActiveCfg = Release|Any CPU
		{C6492FD4-A760-4336-8411-354CC955211E}.Release|Any CPU.Build.0 = Release|Any CPU
	EndGlobalSection
	GlobalSection(SolutionProperties) = preSolution
		HideSolutionNode = FALSE
	EndGlobalSection
EndGlobal
