
Microsoft Visual Studio Solution File, Format Version 9.00
# Visual Studio 2005
Project("{8BC9CEB8-8B4A-11D0-8D11-00A0C91BC942}") = "Gobang", "Gobang\Gobang.vcproj", "{56A4F877-6A84-4289-80D6-6255D2C0CBC8}"
EndProject
Project("{8BC9CEB8-8B4A-11D0-8D11-00A0C91BC942}") = "GobangUI", "GobangUI\GobangUI.vcproj", "{EE6E78AA-A42A-45DD-A1C6-859DECECF1F5}"
	ProjectSection(ProjectDependencies) = postProject
		{56A4F877-6A84-4289-80D6-6255D2C0CBC8} = {56A4F877-6A84-4289-80D6-6255D2C0CBC8}
	EndProjectSection
EndProject
Global
	GlobalSection(SolutionConfigurationPlatforms) = preSolution
		Debug|Win32 = Debug|Win32
		Release|Win32 = Release|Win32
	EndGlobalSection
	GlobalSection(ProjectConfigurationPlatforms) = postSolution
		{56A4F877-6A84-4289-80D6-6255D2C0CBC8}.Debug|Win32.ActiveCfg = Debug|Win32
		{56A4F877-6A84-4289-80D6-6255D2C0CBC8}.Debug|Win32.Build.0 = Debug|Win32
		{56A4F877-6A84-4289-80D6-6255D2C0CBC8}.Release|Win32.ActiveCfg = Release|Win32
		{56A4F877-6A84-4289-80D6-6255D2C0CBC8}.Release|Win32.Build.0 = Release|Win32
		{EE6E78AA-A42A-45DD-A1C6-859DECECF1F5}.Debug|Win32.ActiveCfg = Debug|Win32
		{EE6E78AA-A42A-45DD-A1C6-859DECECF1F5}.Debug|Win32.Build.0 = Debug|Win32
		{EE6E78AA-A42A-45DD-A1C6-859DECECF1F5}.Release|Win32.ActiveCfg = Release|Win32
		{EE6E78AA-A42A-45DD-A1C6-859DECECF1F5}.Release|Win32.Build.0 = Release|Win32
	EndGlobalSection
	GlobalSection(SolutionProperties) = preSolution
		HideSolutionNode = FALSE
	EndGlobalSection
EndGlobal
